// !$*UTF8*$!
{
	archiveVersion = 1;
	classes = {
	};
	objectVersion = 50;
	objects = {

/* Begin PBXBuildFile section */
		1724E8C0244A941A005D1680 /* GuaWindow.c in Sources */ = {isa = PBXBuildFile; fileRef = 1724E8BF244A941A005D1680 /* GuaWindow.c */; };
		17664D08245C18B600A2C4EB /* GuaShader.c in Sources */ = {isa = PBXBuildFile; fileRef = 17664D07245C18B600A2C4EB /* GuaShader.c */; };
		17664D09245C2B1C00A2C4EB /* shaders in CopyFiles */ = {isa = PBXBuildFile; fileRef = 17664D05245C0D1C00A2C4EB /* shaders */; };
		B31926562444BECB00C44C2C /* main.c in Sources */ = {isa = PBXBuildFile; fileRef = B31926552444BECB00C44C2C /* main.c */; };
		B319265F2444BF6200C44C2C /* SDL2.framework in Frameworks */ = {isa = PBXBuildFile; fileRef = B319265D2444BF5B00C44C2C /* SDL2.framework */; };
		B31926602444BF6200C44C2C /* SDL2.framework in Embed Frameworks */ = {isa = PBXBuildFile; fileRef = B319265D2444BF5B00C44C2C /* SDL2.framework */; settings = {ATTRIBUTES = (CodeSignOnCopy, RemoveHeadersOnCopy, ); }; };
/* End PBXBuildFile section */

/* Begin PBXCopyFilesBuildPhase section */
		B31926502444BECB00C44C2C /* CopyFiles */ = {
			isa = PBXCopyFilesBuildPhase;
			buildActionMask = 12;
			dstPath = .;
			dstSubfolderSpec = 16;
			files = (
				17664D09245C2B1C00A2C4EB /* shaders in CopyFiles */,
			);
			runOnlyForDeploymentPostprocessing = 0;
		};
		B31926612444BF6200C44C2C /* Embed Frameworks */ = {
			isa = PBXCopyFilesBuildPhase;
			buildActionMask = 2147483647;
			dstPath = "";
			dstSubfolderSpec = 10;
			files = (
				B31926602444BF6200C44C2C /* SDL2.framework in Embed Frameworks */,
			);
			name = "Embed Frameworks";
			runOnlyForDeploymentPostprocessing = 0;
		};
/* End PBXCopyFilesBuildPhase section */

/* Begin PBXFileReference section */
		1724E8BE244A941A005D1680 /* GuaWindow.h */ = {isa = PBXFileReference; lastKnownFileType = sourcecode.c.h; path = GuaWindow.h; sourceTree = "<group>"; };
		1724E8BF244A941A005D1680 /* GuaWindow.c */ = {isa = PBXFileReference; lastKnownFileType = sourcecode.c.c; path = GuaWindow.c; sourceTree = "<group>"; };
		17664D05245C0D1C00A2C4EB /* shaders */ = {isa = PBXFileReference; lastKnownFileType = folder; path = shaders; sourceTree = "<group>"; };
		17664D06245C18B600A2C4EB /* GuaShader.h */ = {isa = PBXFileReference; lastKnownFileType = sourcecode.c.h; path = GuaShader.h; sourceTree = "<group>"; };
		17664D07245C18B600A2C4EB /* GuaShader.c */ = {isa = PBXFileReference; lastKnownFileType = sourcecode.c.c; path = GuaShader.c; sourceTree = "<group>"; };
		B31926522444BECB00C44C2C /* opengl */ = {isa = PBXFileReference; explicitFileType = "compiled.mach-o.executable"; includeInIndex = 0; path = opengl; sourceTree = BUILT_PRODUCTS_DIR; };
		B31926552444BECB00C44C2C /* main.c */ = {isa = PBXFileReference; lastKnownFileType = sourcecode.c.c; path = main.c; sourceTree = "<group>"; };
		B319265D2444BF5B00C44C2C /* SDL2.framework */ = {isa = PBXFileReference; lastKnownFileType = wrapper.framework; path = SDL2.framework; sourceTree = "<group>"; };
/* End PBXFileReference section */

/* Begin PBXFrameworksBuildPhase section */
		B319264F2444BECB00C44C2C /* Frameworks */ = {
			isa = PBXFrameworksBuildPhase;
			buildActionMask = 2147483647;
			files = (
				B319265F2444BF6200C44C2C /* SDL2.framework in Frameworks */,
			);
			runOnlyForDeploymentPostprocessing = 0;
		};
/* End PBXFrameworksBuildPhase section */

/* Begin PBXGroup section */
		B31926492444BECB00C44C2C = {
			isa = PBXGroup;
			children = (
				17664D05245C0D1C00A2C4EB /* shaders */,
				B31926542444BECB00C44C2C /* opengl */,
				B31926532444BECB00C44C2C /* Products */,
				B319265C2444BF4800C44C2C /* Library */,
			);
			sourceTree = "<group>";
		};
		B31926532444BECB00C44C2C /* Products */ = {
			isa = PBXGroup;
			children = (
				B31926522444BECB00C44C2C /* opengl */,
			);
			name = Products;
			sourceTree = "<group>";
		};
		B31926542444BECB00C44C2C /* opengl */ = {
			isa = PBXGroup;
			children = (
				B31926552444BECB00C44C2C /* main.c */,
				17664D06245C18B600A2C4EB /* GuaShader.h */,
				17664D07245C18B600A2C4EB /* GuaShader.c */,
				1724E8BE244A941A005D1680 /* GuaWindow.h */,
				1724E8BF244A941A005D1680 /* GuaWindow.c */,
			);
			path = opengl;
			sourceTree = "<group>";
		};
		B319265C2444BF4800C44C2C /* Library */ = {
			isa = PBXGroup;
			children = (
				B319265D2444BF5B00C44C2C /* SDL2.framework */,
			);
			path = Library;
			sourceTree = "<group>";
		};
/* End PBXGroup section */

/* Begin PBXNativeTarget section */
		B31926512444BECB00C44C2C /* opengl */ = {
			isa = PBXNativeTarget;
			buildConfigurationList = B31926592444BECB00C44C2C /* Build configuration list for PBXNativeTarget "opengl" */;
			buildPhases = (
				B319264E2444BECB00C44C2C /* Sources */,
				B319264F2444BECB00C44C2C /* Frameworks */,
				B31926502444BECB00C44C2C /* CopyFiles */,
				B31926612444BF6200C44C2C /* Embed Frameworks */,
			);
			buildRules = (
			);
			dependencies = (
			);
			name = opengl;
			productName = opengl;
			productReference = B31926522444BECB00C44C2C /* opengl */;
			productType = "com.apple.product-type.tool";
		};
/* End PBXNativeTarget section */

/* Begin PBXProject section */
		B319264A2444BECB00C44C2C /* Project object */ = {
			isa = PBXProject;
			attributes = {
				LastUpgradeCheck = 1130;
				ORGANIZATIONNAME = walt;
				TargetAttributes = {
					B31926512444BECB00C44C2C = {
						CreatedOnToolsVersion = 11.3.1;
					};
				};
			};
			buildConfigurationList = B319264D2444BECB00C44C2C /* Build configuration list for PBXProject "opengl" */;
			compatibilityVersion = "Xcode 9.3";
			developmentRegion = en;
			hasScannedForEncodings = 0;
			knownRegions = (
				en,
				Base,
			);
			mainGroup = B31926492444BECB00C44C2C;
			productRefGroup = B31926532444BECB00C44C2C /* Products */;
			projectDirPath = "";
			projectRoot = "";
			targets = (
				B31926512444BECB00C44C2C /* opengl */,
			);
		};
/* End PBXProject section */

/* Begin PBXSourcesBuildPhase section */
		B319264E2444BECB00C44C2C /* Sources */ = {
			isa = PBXSourcesBuildPhase;
			buildActionMask = 2147483647;
			files = (
				B31926562444BECB00C44C2C /* main.c in Sources */,
				1724E8C0244A941A005D1680 /* GuaWindow.c in Sources */,
				17664D08245C18B600A2C4EB /* GuaShader.c in Sources */,
			);
			runOnlyForDeploymentPostprocessing = 0;
		};
/* End PBXSourcesBuildPhase section */

/* Begin XCBuildConfiguration section */
		B31926572444BECB00C44C2C /* Debug */ = {
			isa = XCBuildConfiguration;
			buildSettings = {
				ALWAYS_SEARCH_USER_PATHS = NO;
				CLANG_ANALYZER_NONNULL = YES;
				CLANG_ANALYZER_NUMBER_OBJECT_CONVERSION = YES_AGGRESSIVE;
				CLANG_CXX_LANGUAGE_STANDARD = "gnu++14";
				CLANG_CXX_LIBRARY = "libc++";
				CLANG_ENABLE_MODULES = YES;
				CLANG_ENABLE_OBJC_ARC = YES;
				CLANG_ENABLE_OBJC_WEAK = YES;
				CLANG_WARN_BLOCK_CAPTURE_AUTORELEASING = YES;
				CLANG_WARN_BOOL_CONVERSION = YES;
				CLANG_WARN_COMMA = YES;
				CLANG_WARN_CONSTANT_CONVERSION = YES;
				CLANG_WARN_DEPRECATED_OBJC_IMPLEMENTATIONS = YES;
				CLANG_WARN_DIRECT_OBJC_ISA_USAGE = YES_ERROR;
				CLANG_WARN_DOCUMENTATION_COMMENTS = YES;
				CLANG_WARN_EMPTY_BODY = YES;
				CLANG_WARN_ENUM_CONVERSION = YES;
				CLANG_WARN_INFINITE_RECURSION = YES;
				CLANG_WARN_INT_CONVERSION = YES;
				CLANG_WARN_NON_LITERAL_NULL_CONVERSION = YES;
				CLANG_WARN_OBJC_IMPLICIT_RETAIN_SELF = YES;
				CLANG_WARN_OBJC_LITERAL_CONVERSION = YES;
				CLANG_WARN_OBJC_ROOT_CLASS = YES_ERROR;
				CLANG_WARN_RANGE_LOOP_ANALYSIS = YES;
				CLANG_WARN_STRICT_PROTOTYPES = YES;
				CLANG_WARN_SUSPICIOUS_MOVE = YES;
				CLANG_WARN_UNGUARDED_AVAILABILITY = YES_AGGRESSIVE;
				CLANG_WARN_UNREACHABLE_CODE = YES;
				CLANG_WARN__DUPLICATE_METHOD_MATCH = YES;
				COPY_PHASE_STRIP = NO;
				DEBUG_INFORMATION_FORMAT = dwarf;
				ENABLE_STRICT_OBJC_MSGSEND = YES;
				ENABLE_TESTABILITY = YES;
				GCC_C_LANGUAGE_STANDARD = gnu11;
				GCC_DYNAMIC_NO_PIC = NO;
				GCC_NO_COMMON_BLOCKS = YES;
				GCC_OPTIMIZATION_LEVEL = 0;
				GCC_PREPROCESSOR_DEFINITIONS = (
					"DEBUG=1",
					"$(inherited)",
				);
				GCC_WARN_64_TO_32_BIT_CONVERSION = YES;
				GCC_WARN_ABOUT_DEPRECATED_FUNCTIONS = NO;
				GCC_WARN_ABOUT_RETURN_TYPE = YES_ERROR;
				GCC_WARN_UNDECLARED_SELECTOR = YES;
				GCC_WARN_UNINITIALIZED_AUTOS = YES_AGGRESSIVE;
				GCC_WARN_UNUSED_FUNCTION = YES;
				GCC_WARN_UNUSED_VARIABLE = YES;
				HEADER_SEARCH_PATHS = "\"$(SRCROOT)/Library/SDL2.framework/Headers\"";
				MACOSX_DEPLOYMENT_TARGET = 10.13;
				MTL_ENABLE_DEBUG_INFO = INCLUDE_SOURCE;
				MTL_FAST_MATH = YES;
				ONLY_ACTIVE_ARCH = YES;
				SDKROOT = macosx;
			};
			name = Debug;
		};
		B31926582444BECB00C44C2C /* Release */ = {
			isa = XCBuildConfiguration;
			buildSettings = {
				ALWAYS_SEARCH_USER_PATHS = NO;
				CLANG_ANALYZER_NONNULL = YES;
				CLANG_ANALYZER_NUMBER_OBJECT_CONVERSION = YES_AGGRESSIVE;
				CLANG_CXX_LANGUAGE_STANDARD = "gnu++14";
				CLANG_CXX_LIBRARY = "libc++";
				CLANG_ENABLE_MODULES = YES;
				CLANG_ENABLE_OBJC_ARC = YES;
				CLANG_ENABLE_OBJC_WEAK = YES;
				CLANG_WARN_BLOCK_CAPTURE_AUTORELEASING = YES;
				CLANG_WARN_BOOL_CONVERSION = YES;
				CLANG_WARN_COMMA = YES;
				CLANG_WARN_CONSTANT_CONVERSION = YES;
				CLANG_WARN_DEPRECATED_OBJC_IMPLEMENTATIONS = YES;
				CLANG_WARN_DIRECT_OBJC_ISA_USAGE = YES_ERROR;
				CLANG_WARN_DOCUMENTATION_COMMENTS = YES;
				CLANG_WARN_EMPTY_BODY = YES;
				CLANG_WARN_ENUM_CONVERSION = YES;
				CLANG_WARN_INFINITE_RECURSION = YES;
				CLANG_WARN_INT_CONVERSION = YES;
				CLANG_WARN_NON_LITERAL_NULL_CONVERSION = YES;
				CLANG_WARN_OBJC_IMPLICIT_RETAIN_SELF = YES;
				CLANG_WARN_OBJC_LITERAL_CONVERSION = YES;
				CLANG_WARN_OBJC_ROOT_CLASS = YES_ERROR;
				CLANG_WARN_RANGE_LOOP_ANALYSIS = YES;
				CLANG_WARN_STRICT_PROTOTYPES = YES;
				CLANG_WARN_SUSPICIOUS_MOVE = YES;
				CLANG_WARN_UNGUARDED_AVAILABILITY = YES_AGGRESSIVE;
				CLANG_WARN_UNREACHABLE_CODE = YES;
				CLANG_WARN__DUPLICATE_METHOD_MATCH = YES;
				COPY_PHASE_STRIP = NO;
				DEBUG_INFORMATION_FORMAT = "dwarf-with-dsym";
				ENABLE_NS_ASSERTIONS = NO;
				ENABLE_STRICT_OBJC_MSGSEND = YES;
				GCC_C_LANGUAGE_STANDARD = gnu11;
				GCC_NO_COMMON_BLOCKS = YES;
				GCC_WARN_64_TO_32_BIT_CONVERSION = YES;
				GCC_WARN_ABOUT_DEPRECATED_FUNCTIONS = NO;
				GCC_WARN_ABOUT_RETURN_TYPE = YES_ERROR;
				GCC_WARN_UNDECLARED_SELECTOR = YES;
				GCC_WARN_UNINITIALIZED_AUTOS = YES_AGGRESSIVE;
				GCC_WARN_UNUSED_FUNCTION = YES;
				GCC_WARN_UNUSED_VARIABLE = YES;
				HEADER_SEARCH_PATHS = "\"$(SRCROOT)/Library/SDL2.framework/Headers\"";
				MACOSX_DEPLOYMENT_TARGET = 10.13;
				MTL_ENABLE_DEBUG_INFO = NO;
				MTL_FAST_MATH = YES;
				SDKROOT = macosx;
			};
			name = Release;
		};
		B319265A2444BECB00C44C2C /* Debug */ = {
			isa = XCBuildConfiguration;
			buildSettings = {
				CODE_SIGN_ENTITLEMENTS = "";
				CODE_SIGN_IDENTITY = "-";
				CODE_SIGN_STYLE = Automatic;
				DEVELOPMENT_ASSET_PATHS = "";
				DEVELOPMENT_TEAM = "";
				ENABLE_HARDENED_RUNTIME = NO;
				FRAMEWORK_SEARCH_PATHS = (
					"$(inherited)",
					"$(PROJECT_DIR)$(LOCAL_LIBRARY_DIR)",
				);
				HEADER_SEARCH_PATHS = "$(PROJECT_DIR)$(LOCAL_LIBRARY_DIR)/SDL2.framework/Headers";
				PRODUCT_NAME = "$(TARGET_NAME)";
				PROVISIONING_PROFILE_SPECIFIER = "";
			};
			name = Debug;
		};
		B319265B2444BECB00C44C2C /* Release */ = {
			isa = XCBuildConfiguration;
			buildSettings = {
				CODE_SIGN_ENTITLEMENTS = "";
				CODE_SIGN_IDENTITY = "-";
				CODE_SIGN_STYLE = Automatic;
				DEVELOPMENT_ASSET_PATHS = "";
				DEVELOPMENT_TEAM = "";
				ENABLE_HARDENED_RUNTIME = NO;
				FRAMEWORK_SEARCH_PATHS = (
					"$(inherited)",
					"$(PROJECT_DIR)$(LOCAL_LIBRARY_DIR)",
				);
				HEADER_SEARCH_PATHS = "$(PROJECT_DIR)$(LOCAL_LIBRARY_DIR)/SDL2.framework/Headers";
				PRODUCT_NAME = "$(TARGET_NAME)";
				PROVISIONING_PROFILE_SPECIFIER = "";
			};
			name = Release;
		};
/* End XCBuildConfiguration section */

/* Begin XCConfigurationList section */
		B319264D2444BECB00C44C2C /* Build configuration list for PBXProject "opengl" */ = {
			isa = XCConfigurationList;
			buildConfigurations = (
				B31926572444BECB00C44C2C /* Debug */,
				B31926582444BECB00C44C2C /* Release */,
			);
			defaultConfigurationIsVisible = 0;
			defaultConfigurationName = Release;
		};
		B31926592444BECB00C44C2C /* Build configuration list for PBXNativeTarget "opengl" */ = {
			isa = XCConfigurationList;
			buildConfigurations = (
				B319265A2444BECB00C44C2C /* Debug */,
				B319265B2444BECB00C44C2C /* Release */,
			);
			defaultConfigurationIsVisible = 0;
			defaultConfigurationName = Release;
		};
/* End XCConfigurationList section */
	};
	rootObject = B319264A2444BECB00C44C2C /* Project object */;
}
